{
  "name": "ripline.dev",
  "version": "1.0.0",
  "lockfileVersion": 3,
  "requires": true,
  "packages": {
    "": {
      "name": "ripline.dev",
      "version": "1.0.0",
      "license": "ISC",
      "dependencies": {
        "unix-shell-js": "^1.0.1"
      }
    },
    "node_modules/unix-shell-js": {
      "version": "1.0.1",
      "resolved": "https://registry.npmjs.org/unix-shell-js/-/unix-shell-js-1.0.1.tgz",
      "integrity": "sha512-ccu7kHUfxq516c+x3rhPBWXcaIQ6eQ+xfDuoE4LhBhgEZSO0bhWJGY/bI9YV1ZicOYusUGSlAIjDINNKy+fcAQ==",
      "license": "MIT"
    }
  }
}
